
Microsoft Visual Studio Solution File, Format Version 12.00
# Visual Studio Version 17
VisualStudioVersion = 17.3.32929.385
MinimumVisualStudioVersion = 10.0.40219.1
Project("{9A19103F-16F7-4668-BE54-9A1E7A4F7556}") = "BloodBank.Core", "BloodBank.Core\BloodBank.Core.csproj", "{02BF40E4-E2D3-45F9-8505-566B7746B9ED}"
EndProject
Project("{9A19103F-16F7-4668-BE54-9A1E7A4F7556}") = "BloodBank.Infrastructure", "BloodBank.Infrastructure\BloodBank.Infrastructure.csproj", "{BDD86A77-D028-4117-B075-E3978EB8A025}"
EndProject
Project("{9A19103F-16F7-4668-BE54-9A1E7A4F7556}") = "BloodBank.Application", "BloodBank.Application\BloodBank.Application.csproj", "{853FAF7F-4E68-40D6-B32B-69E98419684A}"
EndProject
Project("{FAE04EC0-301F-11D3-BF4B-00C04F79EFBC}") = "BloodBank.API", "BloodBank.API\BloodBank.API.csproj", "{A7BA6275-35E8-4AC4-B546-8880DB930C67}"
EndProject
Global
	GlobalSection(SolutionConfigurationPlatforms) = preSolution
		Debug|Any CPU = Debug|Any CPU
		Release|Any CPU = Release|Any CPU
	EndGlobalSection
	GlobalSection(ProjectConfigurationPlatforms) = postSolution
		{02BF40E4-E2D3-45F9-8505-566B7746B9ED}.Debug|Any CPU.ActiveCfg = Debug|Any CPU
		{02BF40E4-E2D3-45F9-8505-566B7746B9ED}.Debug|Any CPU.Build.0 = Debug|Any CPU
		{02BF40E4-E2D3-45F9-8505-566B7746B9ED}.Release|Any CPU.ActiveCfg = Release|Any CPU
		{02BF40E4-E2D3-45F9-8505-566B7746B9ED}.Release|Any CPU.Build.0 = Release|Any CPU
		{BDD86A77-D028-4117-B075-E3978EB8A025}.Debug|Any CPU.ActiveCfg = Debug|Any CPU
		{BDD86A77-D028-4117-B075-E3978EB8A025}.Debug|Any CPU.Build.0 = Debug|Any CPU
		{BDD86A77-D028-4117-B075-E3978EB8A025}.Release|Any CPU.ActiveCfg = Release|Any CPU
		{BDD86A77-D028-4117-B075-E3978EB8A025}.Release|Any CPU.Build.0 = Release|Any CPU
		{853FAF7F-4E68-40D6-B32B-69E98419684A}.Debug|Any CPU.ActiveCfg = Debug|Any CPU
		{853FAF7F-4E68-40D6-B32B-69E98419684A}.Debug|Any CPU.Build.0 = Debug|Any CPU
		{853FAF7F-4E68-40D6-B32B-69E98419684A}.Release|Any CPU.ActiveCfg = Release|Any CPU
		{853FAF7F-4E68-40D6-B32B-69E98419684A}.Release|Any CPU.Build.0 = Release|Any CPU
		{A7BA6275-35E8-4AC4-B546-8880DB930C67}.Debug|Any CPU.ActiveCfg = Debug|Any CPU
		{A7BA6275-35E8-4AC4-B546-8880DB930C67}.Debug|Any CPU.Build.0 = Debug|Any CPU
		{A7BA6275-35E8-4AC4-B546-8880DB930C67}.Release|Any CPU.ActiveCfg = Release|Any CPU
		{A7BA6275-35E8-4AC4-B546-8880DB930C67}.Release|Any CPU.Build.0 = Release|Any CPU
	EndGlobalSection
	GlobalSection(SolutionProperties) = preSolution
		HideSolutionNode = FALSE
	EndGlobalSection
	GlobalSection(ExtensibilityGlobals) = postSolution
		SolutionGuid = {7780A2D3-8B13-4961-903A-5F75BBAD0D45}
	EndGlobalSection
EndGlobal
